
Microsoft Visual Studio Solution File, Format Version 12.00
# Visual Studio Version 17
VisualStudioVersion = 17.11.35312.102
MinimumVisualStudioVersion = 10.0.40219.1
Project("{9A19103F-16F7-4668-BE54-9A1E7A4F7556}") = "MVC", "MVC\MVC.csproj", "{EEA11D18-4E37-4356-B791-6B1799A5B712}"
EndProject
Project("{FAE04EC0-301F-11D3-BF4B-00C04F79EFBC}") = "BLL", "BLL\BLL.csproj", "{843905EE-1B25-4A09-830E-32D181801E99}"
EndProject
Global
	GlobalSection(SolutionConfigurationPlatforms) = preSolution
		Debug|Any CPU = Debug|Any CPU
		Release|Any CPU = Release|Any CPU
	EndGlobalSection
	GlobalSection(ProjectConfigurationPlatforms) = postSolution
		{EEA11D18-4E37-4356-B791-6B1799A5B712}.Debug|Any CPU.ActiveCfg = Debug|Any CPU
		{EEA11D18-4E37-4356-B791-6B1799A5B712}.Debug|Any CPU.Build.0 = Debug|Any CPU
		{EEA11D18-4E37-4356-B791-6B1799A5B712}.Release|Any CPU.ActiveCfg = Release|Any CPU
		{EEA11D18-4E37-4356-B791-6B1799A5B712}.Release|Any CPU.Build.0 = Release|Any CPU
		{843905EE-1B25-4A09-830E-32D181801E99}.Debug|Any CPU.ActiveCfg = Debug|Any CPU
		{843905EE-1B25-4A09-830E-32D181801E99}.Debug|Any CPU.Build.0 = Debug|Any CPU
		{843905EE-1B25-4A09-830E-32D181801E99}.Release|Any CPU.ActiveCfg = Release|Any CPU
		{843905EE-1B25-4A09-830E-32D181801E99}.Release|Any CPU.Build.0 = Release|Any CPU
	EndGlobalSection
	GlobalSection(SolutionProperties) = preSolution
		HideSolutionNode = FALSE
	EndGlobalSection
	GlobalSection(ExtensibilityGlobals) = postSolution
		SolutionGuid = {FA783065-2DEE-4DD9-A538-3AEA593380FD}
	EndGlobalSection
EndGlobal
